
Microsoft Visual Studio Solution File, Format Version 12.00
# Visual Studio Version 17
VisualStudioVersion = 17.6.33723.286
MinimumVisualStudioVersion = 10.0.40219.1
Project("{FAE04EC0-301F-11D3-BF4B-00C04F79EFBC}") = "yourIP", "yourIP.csproj", "{6680AADC-E5B2-44F4-AB5D-AB85FFC0B3A6}"
EndProject
Global
	GlobalSection(SolutionConfigurationPlatforms) = preSolution
		Debug|Any CPU = Debug|Any CPU
		Release|Any CPU = Release|Any CPU
	EndGlobalSection
	GlobalSection(ProjectConfigurationPlatforms) = postSolution
		{6680AADC-E5B2-44F4-AB5D-AB85FFC0B3A6}.Debug|Any CPU.ActiveCfg = Debug|Any CPU
		{6680AADC-E5B2-44F4-AB5D-AB85FFC0B3A6}.Debug|Any CPU.Build.0 = Debug|Any CPU
		{6680AADC-E5B2-44F4-AB5D-AB85FFC0B3A6}.Release|Any CPU.ActiveCfg = Release|Any CPU
		{6680AADC-E5B2-44F4-AB5D-AB85FFC0B3A6}.Release|Any CPU.Build.0 = Release|Any CPU
	EndGlobalSection
	GlobalSection(SolutionProperties) = preSolution
		HideSolutionNode = FALSE
	EndGlobalSection
	GlobalSection(ExtensibilityGlobals) = postSolution
		SolutionGuid = {C74FDEA0-65D4-4516-99F8-86996E3E23E6}
	EndGlobalSection
EndGlobal
